// !$*UTF8*$!
{
	archiveVersion = 1;
	classes = {
	};
	objectVersion = 55;
	objects = {

/* Begin PBXBuildFile section */
		F46B08CD287333DA009F9DAA /* Tests_iOS.swift in Sources */ = {isa = PBXBuildFile; fileRef = F46B08CC287333DA009F9DAA /* Tests_iOS.swift */; };
		F46B08CF287333DA009F9DAA /* Tests_iOSLaunchTests.swift in Sources */ = {isa = PBXBuildFile; fileRef = F46B08CE287333DA009F9DAA /* Tests_iOSLaunchTests.swift */; };
		F46B08D9287333DA009F9DAA /* Tests_macOS.swift in Sources */ = {isa = PBXBuildFile; fileRef = F46B08D8287333DA009F9DAA /* Tests_macOS.swift */; };
		F46B08DB287333DA009F9DAA /* Tests_macOSLaunchTests.swift in Sources */ = {isa = PBXBuildFile; fileRef = F46B08DA287333DA009F9DAA /* Tests_macOSLaunchTests.swift */; };
		F46B08DC287333DA009F9DAA /* SwiftUIUrlSchemaApp.swift in Sources */ = {isa = PBXBuildFile; fileRef = F46B08B4287333D9009F9DAA /* SwiftUIUrlSchemaApp.swift */; };
		F46B08DD287333DA009F9DAA /* SwiftUIUrlSchemaApp.swift in Sources */ = {isa = PBXBuildFile; fileRef = F46B08B4287333D9009F9DAA /* SwiftUIUrlSchemaApp.swift */; };
		F46B08DE287333DA009F9DAA /* ContentView.swift in Sources */ = {isa = PBXBuildFile; fileRef = F46B08B5287333D9009F9DAA /* ContentView.swift */; };
		F46B08DF287333DA009F9DAA /* ContentView.swift in Sources */ = {isa = PBXBuildFile; fileRef = F46B08B5287333D9009F9DAA /* ContentView.swift */; };
		F46B08E0287333DA009F9DAA /* Assets.xcassets in Resources */ = {isa = PBXBuildFile; fileRef = F46B08B6287333DA009F9DAA /* Assets.xcassets */; };
		F46B08E1287333DA009F9DAA /* Assets.xcassets in Resources */ = {isa = PBXBuildFile; fileRef = F46B08B6287333DA009F9DAA /* Assets.xcassets */; };
		F46B08F228733884009F9DAA /* WebView.swift in Sources */ = {isa = PBXBuildFile; fileRef = F46B08F128733884009F9DAA /* WebView.swift */; };
		F46B08F328733884009F9DAA /* WebView.swift in Sources */ = {isa = PBXBuildFile; fileRef = F46B08F128733884009F9DAA /* WebView.swift */; };
/* End PBXBuildFile section */

/* Begin PBXContainerItemProxy section */
		F46B08C9287333DA009F9DAA /* PBXContainerItemProxy */ = {
			isa = PBXContainerItemProxy;
			containerPortal = F46B08AF287333D9009F9DAA /* Project object */;
			proxyType = 1;
			remoteGlobalIDString = F46B08BA287333DA009F9DAA;
			remoteInfo = "SwiftUIUrlSchema (iOS)";
		};
		F46B08D5287333DA009F9DAA /* PBXContainerItemProxy */ = {
			isa = PBXContainerItemProxy;
			containerPortal = F46B08AF287333D9009F9DAA /* Project object */;
			proxyType = 1;
			remoteGlobalIDString = F46B08C0287333DA009F9DAA;
			remoteInfo = "SwiftUIUrlSchema (macOS)";
		};
/* End PBXContainerItemProxy section */

/* Begin PBXFileReference section */
		F46B08B4287333D9009F9DAA /* SwiftUIUrlSchemaApp.swift */ = {isa = PBXFileReference; lastKnownFileType = sourcecode.swift; path = SwiftUIUrlSchemaApp.swift; sourceTree = "<group>"; };
		F46B08B5287333D9009F9DAA /* ContentView.swift */ = {isa = PBXFileReference; lastKnownFileType = sourcecode.swift; path = ContentView.swift; sourceTree = "<group>"; };
		F46B08B6287333DA009F9DAA /* Assets.xcassets */ = {isa = PBXFileReference; lastKnownFileType = folder.assetcatalog; path = Assets.xcassets; sourceTree = "<group>"; };
		F46B08BB287333DA009F9DAA /* SwiftUIUrlSchema.app */ = {isa = PBXFileReference; explicitFileType = wrapper.application; includeInIndex = 0; path = SwiftUIUrlSchema.app; sourceTree = BUILT_PRODUCTS_DIR; };
		F46B08C1287333DA009F9DAA /* SwiftUIUrlSchema.app */ = {isa = PBXFileReference; explicitFileType = wrapper.application; includeInIndex = 0; path = SwiftUIUrlSchema.app; sourceTree = BUILT_PRODUCTS_DIR; };
		F46B08C3287333DA009F9DAA /* macOS.entitlements */ = {isa = PBXFileReference; lastKnownFileType = text.plist.entitlements; path = macOS.entitlements; sourceTree = "<group>"; };
		F46B08C8287333DA009F9DAA /* Tests iOS.xctest */ = {isa = PBXFileReference; explicitFileType = wrapper.cfbundle; includeInIndex = 0; path = "Tests iOS.xctest"; sourceTree = BUILT_PRODUCTS_DIR; };
		F46B08CC287333DA009F9DAA /* Tests_iOS.swift */ = {isa = PBXFileReference; lastKnownFileType = sourcecode.swift; path = Tests_iOS.swift; sourceTree = "<group>"; };
		F46B08CE287333DA009F9DAA /* Tests_iOSLaunchTests.swift */ = {isa = PBXFileReference; lastKnownFileType = sourcecode.swift; path = Tests_iOSLaunchTests.swift; sourceTree = "<group>"; };
		F46B08D4287333DA009F9DAA /* Tests macOS.xctest */ = {isa = PBXFileReference; explicitFileType = wrapper.cfbundle; includeInIndex = 0; path = "Tests macOS.xctest"; sourceTree = BUILT_PRODUCTS_DIR; };
		F46B08D8287333DA009F9DAA /* Tests_macOS.swift */ = {isa = PBXFileReference; lastKnownFileType = sourcecode.swift; path = Tests_macOS.swift; sourceTree = "<group>"; };
		F46B08DA287333DA009F9DAA /* Tests_macOSLaunchTests.swift */ = {isa = PBXFileReference; lastKnownFileType = sourcecode.swift; path = Tests_macOSLaunchTests.swift; sourceTree = "<group>"; };
		F46B08F02873341D009F9DAA /* SwiftUIUrlSchema--iOS--Info.plist */ = {isa = PBXFileReference; lastKnownFileType = text.plist; path = "SwiftUIUrlSchema--iOS--Info.plist"; sourceTree = "<group>"; };
		F46B08F128733884009F9DAA /* WebView.swift */ = {isa = PBXFileReference; lastKnownFileType = sourcecode.swift; path = WebView.swift; sourceTree = "<group>"; };
/* End PBXFileReference section */

/* Begin PBXFrameworksBuildPhase section */
		F46B08B8287333DA009F9DAA /* Frameworks */ = {
			isa = PBXFrameworksBuildPhase;
			buildActionMask = 2147483647;
			files = (
			);
			runOnlyForDeploymentPostprocessing = 0;
		};
		F46B08BE287333DA009F9DAA /* Frameworks */ = {
			isa = PBXFrameworksBuildPhase;
			buildActionMask = 2147483647;
			files = (
			);
			runOnlyForDeploymentPostprocessing = 0;
		};
		F46B08C5287333DA009F9DAA /* Frameworks */ = {
			isa = PBXFrameworksBuildPhase;
			buildActionMask = 2147483647;
			files = (
			);
			runOnlyForDeploymentPostprocessing = 0;
		};
		F46B08D1287333DA009F9DAA /* Frameworks */ = {
			isa = PBXFrameworksBuildPhase;
			buildActionMask = 2147483647;
			files = (
			);
			runOnlyForDeploymentPostprocessing = 0;
		};
/* End PBXFrameworksBuildPhase section */

/* Begin PBXGroup section */
		F46B08AE287333D9009F9DAA = {
			isa = PBXGroup;
			children = (
				F46B08F02873341D009F9DAA /* SwiftUIUrlSchema--iOS--Info.plist */,
				F46B08B3287333D9009F9DAA /* Shared */,
				F46B08C2287333DA009F9DAA /* macOS */,
				F46B08CB287333DA009F9DAA /* Tests iOS */,
				F46B08D7287333DA009F9DAA /* Tests macOS */,
				F46B08BC287333DA009F9DAA /* Products */,
			);
			sourceTree = "<group>";
		};
		F46B08B3287333D9009F9DAA /* Shared */ = {
			isa = PBXGroup;
			children = (
				F46B08B4287333D9009F9DAA /* SwiftUIUrlSchemaApp.swift */,
				F46B08B5287333D9009F9DAA /* ContentView.swift */,
				F46B08B6287333DA009F9DAA /* Assets.xcassets */,
				F46B08F128733884009F9DAA /* WebView.swift */,
			);
			path = Shared;
			sourceTree = "<group>";
		};
		F46B08BC287333DA009F9DAA /* Products */ = {
			isa = PBXGroup;
			children = (
				F46B08BB287333DA009F9DAA /* SwiftUIUrlSchema.app */,
				F46B08C1287333DA009F9DAA /* SwiftUIUrlSchema.app */,
				F46B08C8287333DA009F9DAA /* Tests iOS.xctest */,
				F46B08D4287333DA009F9DAA /* Tests macOS.xctest */,
			);
			name = Products;
			sourceTree = "<group>";
		};
		F46B08C2287333DA009F9DAA /* macOS */ = {
			isa = PBXGroup;
			children = (
				F46B08C3287333DA009F9DAA /* macOS.entitlements */,
			);
			path = macOS;
			sourceTree = "<group>";
		};
		F46B08CB287333DA009F9DAA /* Tests iOS */ = {
			isa = PBXGroup;
			children = (
				F46B08CC287333DA009F9DAA /* Tests_iOS.swift */,
				F46B08CE287333DA009F9DAA /* Tests_iOSLaunchTests.swift */,
			);
			path = "Tests iOS";
			sourceTree = "<group>";
		};
		F46B08D7287333DA009F9DAA /* Tests macOS */ = {
			isa = PBXGroup;
			children = (
				F46B08D8287333DA009F9DAA /* Tests_macOS.swift */,
				F46B08DA287333DA009F9DAA /* Tests_macOSLaunchTests.swift */,
			);
			path = "Tests macOS";
			sourceTree = "<group>";
		};
/* End PBXGroup section */

/* Begin PBXNativeTarget section */
		F46B08BA287333DA009F9DAA /* SwiftUIUrlSchema (iOS) */ = {
			isa = PBXNativeTarget;
			buildConfigurationList = F46B08E4287333DA009F9DAA /* Build configuration list for PBXNativeTarget "SwiftUIUrlSchema (iOS)" */;
			buildPhases = (
				F46B08B7287333DA009F9DAA /* Sources */,
				F46B08B8287333DA009F9DAA /* Frameworks */,
				F46B08B9287333DA009F9DAA /* Resources */,
			);
			buildRules = (
			);
			dependencies = (
			);
			name = "SwiftUIUrlSchema (iOS)";
			productName = "SwiftUIUrlSchema (iOS)";
			productReference = F46B08BB287333DA009F9DAA /* SwiftUIUrlSchema.app */;
			productType = "com.apple.product-type.application";
		};
		F46B08C0287333DA009F9DAA /* SwiftUIUrlSchema (macOS) */ = {
			isa = PBXNativeTarget;
			buildConfigurationList = F46B08E7287333DA009F9DAA /* Build configuration list for PBXNativeTarget "SwiftUIUrlSchema (macOS)" */;
			buildPhases = (
				F46B08BD287333DA009F9DAA /* Sources */,
				F46B08BE287333DA009F9DAA /* Frameworks */,
				F46B08BF287333DA009F9DAA /* Resources */,
			);
			buildRules = (
			);
			dependencies = (
			);
			name = "SwiftUIUrlSchema (macOS)";
			productName = "SwiftUIUrlSchema (macOS)";
			productReference = F46B08C1287333DA009F9DAA /* SwiftUIUrlSchema.app */;
			productType = "com.apple.product-type.application";
		};
		F46B08C7287333DA009F9DAA /* Tests iOS */ = {
			isa = PBXNativeTarget;
			buildConfigurationList = F46B08EA287333DA009F9DAA /* Build configuration list for PBXNativeTarget "Tests iOS" */;
			buildPhases = (
				F46B08C4287333DA009F9DAA /* Sources */,
				F46B08C5287333DA009F9DAA /* Frameworks */,
				F46B08C6287333DA009F9DAA /* Resources */,
			);
			buildRules = (
			);
			dependencies = (
				F46B08CA287333DA009F9DAA /* PBXTargetDependency */,
			);
			name = "Tests iOS";
			productName = "Tests iOS";
			productReference = F46B08C8287333DA009F9DAA /* Tests iOS.xctest */;
			productType = "com.apple.product-type.bundle.ui-testing";
		};
		F46B08D3287333DA009F9DAA /* Tests macOS */ = {
			isa = PBXNativeTarget;
			buildConfigurationList = F46B08ED287333DA009F9DAA /* Build configuration list for PBXNativeTarget "Tests macOS" */;
			buildPhases = (
				F46B08D0287333DA009F9DAA /* Sources */,
				F46B08D1287333DA009F9DAA /* Frameworks */,
				F46B08D2287333DA009F9DAA /* Resources */,
			);
			buildRules = (
			);
			dependencies = (
				F46B08D6287333DA009F9DAA /* PBXTargetDependency */,
			);
			name = "Tests macOS";
			productName = "Tests macOS";
			productReference = F46B08D4287333DA009F9DAA /* Tests macOS.xctest */;
			productType = "com.apple.product-type.bundle.ui-testing";
		};
/* End PBXNativeTarget section */

/* Begin PBXProject section */
		F46B08AF287333D9009F9DAA /* Project object */ = {
			isa = PBXProject;
			attributes = {
				BuildIndependentTargetsInParallel = 1;
				LastSwiftUpdateCheck = 1340;
				LastUpgradeCheck = 1340;
				TargetAttributes = {
					F46B08BA287333DA009F9DAA = {
						CreatedOnToolsVersion = 13.4.1;
					};
					F46B08C0287333DA009F9DAA = {
						CreatedOnToolsVersion = 13.4.1;
					};
					F46B08C7287333DA009F9DAA = {
						CreatedOnToolsVersion = 13.4.1;
						TestTargetID = F46B08BA287333DA009F9DAA;
					};
					F46B08D3287333DA009F9DAA = {
						CreatedOnToolsVersion = 13.4.1;
						TestTargetID = F46B08C0287333DA009F9DAA;
					};
				};
			};
			buildConfigurationList = F46B08B2287333D9009F9DAA /* Build configuration list for PBXProject "SwiftUIUrlSchema" */;
			compatibilityVersion = "Xcode 13.0";
			developmentRegion = en;
			hasScannedForEncodings = 0;
			knownRegions = (
				en,
				Base,
			);
			mainGroup = F46B08AE287333D9009F9DAA;
			productRefGroup = F46B08BC287333DA009F9DAA /* Products */;
			projectDirPath = "";
			projectRoot = "";
			targets = (
				F46B08BA287333DA009F9DAA /* SwiftUIUrlSchema (iOS) */,
				F46B08C0287333DA009F9DAA /* SwiftUIUrlSchema (macOS) */,
				F46B08C7287333DA009F9DAA /* Tests iOS */,
				F46B08D3287333DA009F9DAA /* Tests macOS */,
			);
		};
/* End PBXProject section */

/* Begin PBXResourcesBuildPhase section */
		F46B08B9287333DA009F9DAA /* Resources */ = {
			isa = PBXResourcesBuildPhase;
			buildActionMask = 2147483647;
			files = (
				F46B08E0287333DA009F9DAA /* Assets.xcassets in Resources */,
			);
			runOnlyForDeploymentPostprocessing = 0;
		};
		F46B08BF287333DA009F9DAA /* Resources */ = {
			isa = PBXResourcesBuildPhase;
			buildActionMask = 2147483647;
			files = (
				F46B08E1287333DA009F9DAA /* Assets.xcassets in Resources */,
			);
			runOnlyForDeploymentPostprocessing = 0;
		};
		F46B08C6287333DA009F9DAA /* Resources */ = {
			isa = PBXResourcesBuildPhase;
			buildActionMask = 2147483647;
			files = (
			);
			runOnlyForDeploymentPostprocessing = 0;
		};
		F46B08D2287333DA009F9DAA /* Resources */ = {
			isa = PBXResourcesBuildPhase;
			buildActionMask = 2147483647;
			files = (
			);
			runOnlyForDeploymentPostprocessing = 0;
		};
/* End PBXResourcesBuildPhase section */

/* Begin PBXSourcesBuildPhase section */
		F46B08B7287333DA009F9DAA /* Sources */ = {
			isa = PBXSourcesBuildPhase;
			buildActionMask = 2147483647;
			files = (
				F46B08F228733884009F9DAA /* WebView.swift in Sources */,
				F46B08DE287333DA009F9DAA /* ContentView.swift in Sources */,
				F46B08DC287333DA009F9DAA /* SwiftUIUrlSchemaApp.swift in Sources */,
			);
			runOnlyForDeploymentPostprocessing = 0;
		};
		F46B08BD287333DA009F9DAA /* Sources */ = {
			isa = PBXSourcesBuildPhase;
			buildActionMask = 2147483647;
			files = (
				F46B08F328733884009F9DAA /* WebView.swift in Sources */,
				F46B08DF287333DA009F9DAA /* ContentView.swift in Sources */,
				F46B08DD287333DA009F9DAA /* SwiftUIUrlSchemaApp.swift in Sources */,
			);
			runOnlyForDeploymentPostprocessing = 0;
		};
		F46B08C4287333DA009F9DAA /* Sources */ = {
			isa = PBXSourcesBuildPhase;
			buildActionMask = 2147483647;
			files = (
				F46B08CF287333DA009F9DAA /* Tests_iOSLaunchTests.swift in Sources */,
				F46B08CD287333DA009F9DAA /* Tests_iOS.swift in Sources */,
			);
			runOnlyForDeploymentPostprocessing = 0;
		};
		F46B08D0287333DA009F9DAA /* Sources */ = {
			isa = PBXSourcesBuildPhase;
			buildActionMask = 2147483647;
			files = (
				F46B08DB287333DA009F9DAA /* Tests_macOSLaunchTests.swift in Sources */,
				F46B08D9287333DA009F9DAA /* Tests_macOS.swift in Sources */,
			);
			runOnlyForDeploymentPostprocessing = 0;
		};
/* End PBXSourcesBuildPhase section */

/* Begin PBXTargetDependency section */
		F46B08CA287333DA009F9DAA /* PBXTargetDependency */ = {
			isa = PBXTargetDependency;
			target = F46B08BA287333DA009F9DAA /* SwiftUIUrlSchema (iOS) */;
			targetProxy = F46B08C9287333DA009F9DAA /* PBXContainerItemProxy */;
		};
		F46B08D6287333DA009F9DAA /* PBXTargetDependency */ = {
			isa = PBXTargetDependency;
			target = F46B08C0287333DA009F9DAA /* SwiftUIUrlSchema (macOS) */;
			targetProxy = F46B08D5287333DA009F9DAA /* PBXContainerItemProxy */;
		};
/* End PBXTargetDependency section */

/* Begin XCBuildConfiguration section */
		F46B08E2287333DA009F9DAA /* Debug */ = {
			isa = XCBuildConfiguration;
			buildSettings = {
				ALWAYS_SEARCH_USER_PATHS = NO;
				CLANG_ANALYZER_NONNULL = YES;
				CLANG_ANALYZER_NUMBER_OBJECT_CONVERSION = YES_AGGRESSIVE;
				CLANG_CXX_LANGUAGE_STANDARD = "gnu++17";
				CLANG_ENABLE_MODULES = YES;
				CLANG_ENABLE_OBJC_ARC = YES;
				CLANG_ENABLE_OBJC_WEAK = YES;
				CLANG_WARN_BLOCK_CAPTURE_AUTORELEASING = YES;
				CLANG_WARN_BOOL_CONVERSION = YES;
				CLANG_WARN_COMMA = YES;
				CLANG_WARN_CONSTANT_CONVERSION = YES;
				CLANG_WARN_DEPRECATED_OBJC_IMPLEMENTATIONS = YES;
				CLANG_WARN_DIRECT_OBJC_ISA_USAGE = YES_ERROR;
				CLANG_WARN_DOCUMENTATION_COMMENTS = YES;
				CLANG_WARN_EMPTY_BODY = YES;
				CLANG_WARN_ENUM_CONVERSION = YES;
				CLANG_WARN_INFINITE_RECURSION = YES;
				CLANG_WARN_INT_CONVERSION = YES;
				CLANG_WARN_NON_LITERAL_NULL_CONVERSION = YES;
				CLANG_WARN_OBJC_IMPLICIT_RETAIN_SELF = YES;
				CLANG_WARN_OBJC_LITERAL_CONVERSION = YES;
				CLANG_WARN_OBJC_ROOT_CLASS = YES_ERROR;
				CLANG_WARN_QUOTED_INCLUDE_IN_FRAMEWORK_HEADER = YES;
				CLANG_WARN_RANGE_LOOP_ANALYSIS = YES;
				CLANG_WARN_STRICT_PROTOTYPES = YES;
				CLANG_WARN_SUSPICIOUS_MOVE = YES;
				CLANG_WARN_UNGUARDED_AVAILABILITY = YES_AGGRESSIVE;
				CLANG_WARN_UNREACHABLE_CODE = YES;
				CLANG_WARN__DUPLICATE_METHOD_MATCH = YES;
				COPY_PHASE_STRIP = NO;
				DEBUG_INFORMATION_FORMAT = dwarf;
				ENABLE_STRICT_OBJC_MSGSEND = YES;
				ENABLE_TESTABILITY = YES;
				GCC_C_LANGUAGE_STANDARD = gnu11;
				GCC_DYNAMIC_NO_PIC = NO;
				GCC_NO_COMMON_BLOCKS = YES;
				GCC_OPTIMIZATION_LEVEL = 0;
				GCC_PREPROCESSOR_DEFINITIONS = (
					"DEBUG=1",
					"$(inherited)",
				);
				GCC_WARN_64_TO_32_BIT_CONVERSION = YES;
				GCC_WARN_ABOUT_RETURN_TYPE = YES_ERROR;
				GCC_WARN_UNDECLARED_SELECTOR = YES;
				GCC_WARN_UNINITIALIZED_AUTOS = YES_AGGRESSIVE;
				GCC_WARN_UNUSED_FUNCTION = YES;
				GCC_WARN_UNUSED_VARIABLE = YES;
				MTL_ENABLE_DEBUG_INFO = INCLUDE_SOURCE;
				MTL_FAST_MATH = YES;
				ONLY_ACTIVE_ARCH = YES;
				SWIFT_ACTIVE_COMPILATION_CONDITIONS = DEBUG;
				SWIFT_OPTIMIZATION_LEVEL = "-Onone";
			};
			name = Debug;
		};
		F46B08E3287333DA009F9DAA /* Release */ = {
			isa = XCBuildConfiguration;
			buildSettings = {
				ALWAYS_SEARCH_USER_PATHS = NO;
				CLANG_ANALYZER_NONNULL = YES;
				CLANG_ANALYZER_NUMBER_OBJECT_CONVERSION = YES_AGGRESSIVE;
				CLANG_CXX_LANGUAGE_STANDARD = "gnu++17";
				CLANG_ENABLE_MODULES = YES;
				CLANG_ENABLE_OBJC_ARC = YES;
				CLANG_ENABLE_OBJC_WEAK = YES;
				CLANG_WARN_BLOCK_CAPTURE_AUTORELEASING = YES;
				CLANG_WARN_BOOL_CONVERSION = YES;
				CLANG_WARN_COMMA = YES;
				CLANG_WARN_CONSTANT_CONVERSION = YES;
				CLANG_WARN_DEPRECATED_OBJC_IMPLEMENTATIONS = YES;
				CLANG_WARN_DIRECT_OBJC_ISA_USAGE = YES_ERROR;
				CLANG_WARN_DOCUMENTATION_COMMENTS = YES;
				CLANG_WARN_EMPTY_BODY = YES;
				CLANG_WARN_ENUM_CONVERSION = YES;
				CLANG_WARN_INFINITE_RECURSION = YES;
				CLANG_WARN_INT_CONVERSION = YES;
				CLANG_WARN_NON_LITERAL_NULL_CONVERSION = YES;
				CLANG_WARN_OBJC_IMPLICIT_RETAIN_SELF = YES;
				CLANG_WARN_OBJC_LITERAL_CONVERSION = YES;
				CLANG_WARN_OBJC_ROOT_CLASS = YES_ERROR;
				CLANG_WARN_QUOTED_INCLUDE_IN_FRAMEWORK_HEADER = YES;
				CLANG_WARN_RANGE_LOOP_ANALYSIS = YES;
				CLANG_WARN_STRICT_PROTOTYPES = YES;
				CLANG_WARN_SUSPICIOUS_MOVE = YES;
				CLANG_WARN_UNGUARDED_AVAILABILITY = YES_AGGRESSIVE;
				CLANG_WARN_UNREACHABLE_CODE = YES;
				CLANG_WARN__DUPLICATE_METHOD_MATCH = YES;
				COPY_PHASE_STRIP = NO;
				DEBUG_INFORMATION_FORMAT = "dwarf-with-dsym";
				ENABLE_NS_ASSERTIONS = NO;
				ENABLE_STRICT_OBJC_MSGSEND = YES;
				GCC_C_LANGUAGE_STANDARD = gnu11;
				GCC_NO_COMMON_BLOCKS = YES;
				GCC_WARN_64_TO_32_BIT_CONVERSION = YES;
				GCC_WARN_ABOUT_RETURN_TYPE = YES_ERROR;
				GCC_WARN_UNDECLARED_SELECTOR = YES;
				GCC_WARN_UNINITIALIZED_AUTOS = YES_AGGRESSIVE;
				GCC_WARN_UNUSED_FUNCTION = YES;
				GCC_WARN_UNUSED_VARIABLE = YES;
				MTL_ENABLE_DEBUG_INFO = NO;
				MTL_FAST_MATH = YES;
				SWIFT_COMPILATION_MODE = wholemodule;
				SWIFT_OPTIMIZATION_LEVEL = "-O";
			};
			name = Release;
		};
		F46B08E5287333DA009F9DAA /* Debug */ = {
			isa = XCBuildConfiguration;
			buildSettings = {
				ASSETCATALOG_COMPILER_APPICON_NAME = AppIcon;
				ASSETCATALOG_COMPILER_GLOBAL_ACCENT_COLOR_NAME = AccentColor;
				CODE_SIGN_STYLE = Automatic;
				CURRENT_PROJECT_VERSION = 1;
				ENABLE_PREVIEWS = YES;
				GENERATE_INFOPLIST_FILE = YES;
				INFOPLIST_FILE = "SwiftUIUrlSchema--iOS--Info.plist";
				INFOPLIST_KEY_UIApplicationSceneManifest_Generation = YES;
				INFOPLIST_KEY_UIApplicationSupportsIndirectInputEvents = YES;
				INFOPLIST_KEY_UILaunchScreen_Generation = YES;
				INFOPLIST_KEY_UISupportedInterfaceOrientations_iPad = "UIInterfaceOrientationPortrait UIInterfaceOrientationPortraitUpsideDown UIInterfaceOrientationLandscapeLeft UIInterfaceOrientationLandscapeRight";
				INFOPLIST_KEY_UISupportedInterfaceOrientations_iPhone = "UIInterfaceOrientationPortrait UIInterfaceOrientationLandscapeLeft UIInterfaceOrientationLandscapeRight";
				IPHONEOS_DEPLOYMENT_TARGET = 15.5;
				LD_RUNPATH_SEARCH_PATHS = (
					"$(inherited)",
					"@executable_path/Frameworks",
				);
				MARKETING_VERSION = 1.0;
				PRODUCT_BUNDLE_IDENTIFIER = app.SwiftUIUrlSchema;
				PRODUCT_NAME = SwiftUIUrlSchema;
				SDKROOT = iphoneos;
				SWIFT_EMIT_LOC_STRINGS = YES;
				SWIFT_VERSION = 5.0;
				TARGETED_DEVICE_FAMILY = "1,2";
			};
			name = Debug;
		};
		F46B08E6287333DA009F9DAA /* Release */ = {
			isa = XCBuildConfiguration;
			buildSettings = {
				ASSETCATALOG_COMPILER_APPICON_NAME = AppIcon;
				ASSETCATALOG_COMPILER_GLOBAL_ACCENT_COLOR_NAME = AccentColor;
				CODE_SIGN_STYLE = Automatic;
				CURRENT_PROJECT_VERSION = 1;
				ENABLE_PREVIEWS = YES;
				GENERATE_INFOPLIST_FILE = YES;
				INFOPLIST_FILE = "SwiftUIUrlSchema--iOS--Info.plist";
				INFOPLIST_KEY_UIApplicationSceneManifest_Generation = YES;
				INFOPLIST_KEY_UIApplicationSupportsIndirectInputEvents = YES;
				INFOPLIST_KEY_UILaunchScreen_Generation = YES;
				INFOPLIST_KEY_UISupportedInterfaceOrientations_iPad = "UIInterfaceOrientationPortrait UIInterfaceOrientationPortraitUpsideDown UIInterfaceOrientationLandscapeLeft UIInterfaceOrientationLandscapeRight";
				INFOPLIST_KEY_UISupportedInterfaceOrientations_iPhone = "UIInterfaceOrientationPortrait UIInterfaceOrientationLandscapeLeft UIInterfaceOrientationLandscapeRight";
				IPHONEOS_DEPLOYMENT_TARGET = 15.5;
				LD_RUNPATH_SEARCH_PATHS = (
					"$(inherited)",
					"@executable_path/Frameworks",
				);
				MARKETING_VERSION = 1.0;
				PRODUCT_BUNDLE_IDENTIFIER = app.SwiftUIUrlSchema;
				PRODUCT_NAME = SwiftUIUrlSchema;
				SDKROOT = iphoneos;
				SWIFT_EMIT_LOC_STRINGS = YES;
				SWIFT_VERSION = 5.0;
				TARGETED_DEVICE_FAMILY = "1,2";
				VALIDATE_PRODUCT = YES;
			};
			name = Release;
		};
		F46B08E8287333DA009F9DAA /* Debug */ = {
			isa = XCBuildConfiguration;
			buildSettings = {
				ASSETCATALOG_COMPILER_APPICON_NAME = AppIcon;
				ASSETCATALOG_COMPILER_GLOBAL_ACCENT_COLOR_NAME = AccentColor;
				CODE_SIGN_ENTITLEMENTS = macOS/macOS.entitlements;
				CODE_SIGN_STYLE = Automatic;
				COMBINE_HIDPI_IMAGES = YES;
				CURRENT_PROJECT_VERSION = 1;
				ENABLE_PREVIEWS = YES;
				GENERATE_INFOPLIST_FILE = YES;
				INFOPLIST_KEY_NSHumanReadableCopyright = "";
				LD_RUNPATH_SEARCH_PATHS = (
					"$(inherited)",
					"@executable_path/../Frameworks",
				);
				MACOSX_DEPLOYMENT_TARGET = 12.3;
				MARKETING_VERSION = 1.0;
				PRODUCT_BUNDLE_IDENTIFIER = app.SwiftUIUrlSchema;
				PRODUCT_NAME = SwiftUIUrlSchema;
				SDKROOT = macosx;
				SWIFT_EMIT_LOC_STRINGS = YES;
				SWIFT_VERSION = 5.0;
			};
			name = Debug;
		};
		F46B08E9287333DA009F9DAA /* Release */ = {
			isa = XCBuildConfiguration;
			buildSettings = {
				ASSETCATALOG_COMPILER_APPICON_NAME = AppIcon;
				ASSETCATALOG_COMPILER_GLOBAL_ACCENT_COLOR_NAME = AccentColor;
				CODE_SIGN_ENTITLEMENTS = macOS/macOS.entitlements;
				CODE_SIGN_STYLE = Automatic;
				COMBINE_HIDPI_IMAGES = YES;
				CURRENT_PROJECT_VERSION = 1;
				ENABLE_PREVIEWS = YES;
				GENERATE_INFOPLIST_FILE = YES;
				INFOPLIST_KEY_NSHumanReadableCopyright = "";
				LD_RUNPATH_SEARCH_PATHS = (
					"$(inherited)",
					"@executable_path/../Frameworks",
				);
				MACOSX_DEPLOYMENT_TARGET = 12.3;
				MARKETING_VERSION = 1.0;
				PRODUCT_BUNDLE_IDENTIFIER = app.SwiftUIUrlSchema;
				PRODUCT_NAME = SwiftUIUrlSchema;
				SDKROOT = macosx;
				SWIFT_EMIT_LOC_STRINGS = YES;
				SWIFT_VERSION = 5.0;
			};
			name = Release;
		};
		F46B08EB287333DA009F9DAA /* Debug */ = {
			isa = XCBuildConfiguration;
			buildSettings = {
				ALWAYS_EMBED_SWIFT_STANDARD_LIBRARIES = YES;
				CODE_SIGN_STYLE = Automatic;
				CURRENT_PROJECT_VERSION = 1;
				GENERATE_INFOPLIST_FILE = YES;
				IPHONEOS_DEPLOYMENT_TARGET = 15.5;
				MARKETING_VERSION = 1.0;
				PRODUCT_BUNDLE_IDENTIFIER = "app.Tests-iOS";
				PRODUCT_NAME = "$(TARGET_NAME)";
				SDKROOT = iphoneos;
				SWIFT_EMIT_LOC_STRINGS = NO;
				SWIFT_VERSION = 5.0;
				TARGETED_DEVICE_FAMILY = "1,2";
				TEST_TARGET_NAME = "SwiftUIUrlSchema (iOS)";
			};
			name = Debug;
		};
		F46B08EC287333DA009F9DAA /* Release */ = {
			isa = XCBuildConfiguration;
			buildSettings = {
				ALWAYS_EMBED_SWIFT_STANDARD_LIBRARIES = YES;
				CODE_SIGN_STYLE = Automatic;
				CURRENT_PROJECT_VERSION = 1;
				GENERATE_INFOPLIST_FILE = YES;
				IPHONEOS_DEPLOYMENT_TARGET = 15.5;
				MARKETING_VERSION = 1.0;
				PRODUCT_BUNDLE_IDENTIFIER = "app.Tests-iOS";
				PRODUCT_NAME = "$(TARGET_NAME)";
				SDKROOT = iphoneos;
				SWIFT_EMIT_LOC_STRINGS = NO;
				SWIFT_VERSION = 5.0;
				TARGETED_DEVICE_FAMILY = "1,2";
				TEST_TARGET_NAME = "SwiftUIUrlSchema (iOS)";
				VALIDATE_PRODUCT = YES;
			};
			name = Release;
		};
		F46B08EE287333DA009F9DAA /* Debug */ = {
			isa = XCBuildConfiguration;
			buildSettings = {
				ALWAYS_EMBED_SWIFT_STANDARD_LIBRARIES = YES;
				CODE_SIGN_STYLE = Automatic;
				CURRENT_PROJECT_VERSION = 1;
				GENERATE_INFOPLIST_FILE = YES;
				MACOSX_DEPLOYMENT_TARGET = 12.3;
				MARKETING_VERSION = 1.0;
				PRODUCT_BUNDLE_IDENTIFIER = "app.Tests-macOS";
				PRODUCT_NAME = "$(TARGET_NAME)";
				SDKROOT = macosx;
				SWIFT_EMIT_LOC_STRINGS = NO;
				SWIFT_VERSION = 5.0;
				TEST_TARGET_NAME = "SwiftUIUrlSchema (macOS)";
			};
			name = Debug;
		};
		F46B08EF287333DA009F9DAA /* Release */ = {
			isa = XCBuildConfiguration;
			buildSettings = {
				ALWAYS_EMBED_SWIFT_STANDARD_LIBRARIES = YES;
				CODE_SIGN_STYLE = Automatic;
				CURRENT_PROJECT_VERSION = 1;
				GENERATE_INFOPLIST_FILE = YES;
				MACOSX_DEPLOYMENT_TARGET = 12.3;
				MARKETING_VERSION = 1.0;
				PRODUCT_BUNDLE_IDENTIFIER = "app.Tests-macOS";
				PRODUCT_NAME = "$(TARGET_NAME)";
				SDKROOT = macosx;
				SWIFT_EMIT_LOC_STRINGS = NO;
				SWIFT_VERSION = 5.0;
				TEST_TARGET_NAME = "SwiftUIUrlSchema (macOS)";
			};
			name = Release;
		};
/* End XCBuildConfiguration section */

/* Begin XCConfigurationList section */
		F46B08B2287333D9009F9DAA /* Build configuration list for PBXProject "SwiftUIUrlSchema" */ = {
			isa = XCConfigurationList;
			buildConfigurations = (
				F46B08E2287333DA009F9DAA /* Debug */,
				F46B08E3287333DA009F9DAA /* Release */,
			);
			defaultConfigurationIsVisible = 0;
			defaultConfigurationName = Release;
		};
		F46B08E4287333DA009F9DAA /* Build configuration list for PBXNativeTarget "SwiftUIUrlSchema (iOS)" */ = {
			isa = XCConfigurationList;
			buildConfigurations = (
				F46B08E5287333DA009F9DAA /* Debug */,
				F46B08E6287333DA009F9DAA /* Release */,
			);
			defaultConfigurationIsVisible = 0;
			defaultConfigurationName = Release;
		};
		F46B08E7287333DA009F9DAA /* Build configuration list for PBXNativeTarget "SwiftUIUrlSchema (macOS)" */ = {
			isa = XCConfigurationList;
			buildConfigurations = (
				F46B08E8287333DA009F9DAA /* Debug */,
				F46B08E9287333DA009F9DAA /* Release */,
			);
			defaultConfigurationIsVisible = 0;
			defaultConfigurationName = Release;
		};
		F46B08EA287333DA009F9DAA /* Build configuration list for PBXNativeTarget "Tests iOS" */ = {
			isa = XCConfigurationList;
			buildConfigurations = (
				F46B08EB287333DA009F9DAA /* Debug */,
				F46B08EC287333DA009F9DAA /* Release */,
			);
			defaultConfigurationIsVisible = 0;
			defaultConfigurationName = Release;
		};
		F46B08ED287333DA009F9DAA /* Build configuration list for PBXNativeTarget "Tests macOS" */ = {
			isa = XCConfigurationList;
			buildConfigurations = (
				F46B08EE287333DA009F9DAA /* Debug */,
				F46B08EF287333DA009F9DAA /* Release */,
			);
			defaultConfigurationIsVisible = 0;
			defaultConfigurationName = Release;
		};
/* End XCConfigurationList section */
	};
	rootObject = F46B08AF287333D9009F9DAA /* Project object */;
}
